
Microsoft Visual Studio Solution File, Format Version 12.00
# Visual Studio Version 17
VisualStudioVersion = 17.0.32014.148
MinimumVisualStudioVersion = 10.0.40219.1
Project("{FAE04EC0-301F-11D3-BF4B-00C04F79EFBC}") = "QLGP", "QLGP\QLGP.csproj", "{A960C3D4-AC91-4E05-8157-128E4BD86F15}"
EndProject
Global
	GlobalSection(SolutionConfigurationPlatforms) = preSolution
		Debug|Any CPU = Debug|Any CPU
		Release|Any CPU = Release|Any CPU
	EndGlobalSection
	GlobalSection(ProjectConfigurationPlatforms) = postSolution
		{A960C3D4-AC91-4E05-8157-128E4BD86F15}.Debug|Any CPU.ActiveCfg = Debug|Any CPU
		{A960C3D4-AC91-4E05-8157-128E4BD86F15}.Debug|Any CPU.Build.0 = Debug|Any CPU
		{A960C3D4-AC91-4E05-8157-128E4BD86F15}.Release|Any CPU.ActiveCfg = Release|Any CPU
		{A960C3D4-AC91-4E05-8157-128E4BD86F15}.Release|Any CPU.Build.0 = Release|Any CPU
	EndGlobalSection
	GlobalSection(SolutionProperties) = preSolution
		HideSolutionNode = FALSE
	EndGlobalSection
	GlobalSection(ExtensibilityGlobals) = postSolution
		SolutionGuid = {76EC3C05-F835-45BE-9195-5FED97DE38DA}
	EndGlobalSection
EndGlobal
